
Microsoft Visual Studio Solution File, Format Version 12.00
# Visual Studio Version 17
VisualStudioVersion = 17.0.32014.148
MinimumVisualStudioVersion = 10.0.40219.1
Project("{FAE04EC0-301F-11D3-BF4B-00C04F79EFBC}") = "Mirehub", "Mirehub\Mirehub.csproj", "{02CEA013-7210-4367-8237-3A7391F87DCC}"
EndProject
Project("{FAE04EC0-301F-11D3-BF4B-00C04F79EFBC}") = "Mirehub.api", "Mirehub.api\Mirehub.api.csproj", "{ADECFAAE-D9CD-4DF9-8096-0B7AB24274CC}"
EndProject
Global
	GlobalSection(SolutionConfigurationPlatforms) = preSolution
		Debug|Any CPU = Debug|Any CPU
		Release|Any CPU = Release|Any CPU
	EndGlobalSection
	GlobalSection(ProjectConfigurationPlatforms) = postSolution
		{02CEA013-7210-4367-8237-3A7391F87DCC}.Debug|Any CPU.ActiveCfg = Debug|Any CPU
		{02CEA013-7210-4367-8237-3A7391F87DCC}.Debug|Any CPU.Build.0 = Debug|Any CPU
		{02CEA013-7210-4367-8237-3A7391F87DCC}.Release|Any CPU.ActiveCfg = Release|Any CPU
		{02CEA013-7210-4367-8237-3A7391F87DCC}.Release|Any CPU.Build.0 = Release|Any CPU
		{ADECFAAE-D9CD-4DF9-8096-0B7AB24274CC}.Debug|Any CPU.ActiveCfg = Debug|Any CPU
		{ADECFAAE-D9CD-4DF9-8096-0B7AB24274CC}.Debug|Any CPU.Build.0 = Debug|Any CPU
		{ADECFAAE-D9CD-4DF9-8096-0B7AB24274CC}.Release|Any CPU.ActiveCfg = Release|Any CPU
		{ADECFAAE-D9CD-4DF9-8096-0B7AB24274CC}.Release|Any CPU.Build.0 = Release|Any CPU
	EndGlobalSection
	GlobalSection(SolutionProperties) = preSolution
		HideSolutionNode = FALSE
	EndGlobalSection
	GlobalSection(ExtensibilityGlobals) = postSolution
		SolutionGuid = {C1A288B4-3406-4509-ADE5-04C0393FAAFC}
	EndGlobalSection
EndGlobal
